Microsoft Visual Studio Solution File, Format Version 12.00
# Visual Studio Version 17
VisualStudioVersion = 17.5.2.0
MinimumVisualStudioVersion = 10.0.40219.1
Project("{FAE04EC0-301F-11D3-BF4B-00C04F79EFBC}") = "Recast.WindowsRecorder", "Recast.WindowsRecorder.csproj", "{702150FC-31AE-0DD8-07E7-43F21787629C}"
EndProject
Global
	GlobalSection(SolutionConfigurationPlatforms) = preSolution
		Debug|Any CPU = Debug|Any CPU
		Release|Any CPU = Release|Any CPU
	EndGlobalSection
	GlobalSection(ProjectConfigurationPlatforms) = postSolution
		{702150FC-31AE-0DD8-07E7-43F21787629C}.Debug|Any CPU.ActiveCfg = Debug|Any CPU
		{702150FC-31AE-0DD8-07E7-43F21787629C}.Debug|Any CPU.Build.0 = Debug|Any CPU
		{702150FC-31AE-0DD8-07E7-43F21787629C}.Release|Any CPU.ActiveCfg = Release|Any CPU
		{702150FC-31AE-0DD8-07E7-43F21787629C}.Release|Any CPU.Build.0 = Release|Any CPU
	EndGlobalSection
	GlobalSection(SolutionProperties) = preSolution
		HideSolutionNode = FALSE
	EndGlobalSection
	GlobalSection(ExtensibilityGlobals) = postSolution
		SolutionGuid = {3CD67273-B1F6-468F-B770-5DF7F7D178C3}
	EndGlobalSection
EndGlobal
